// !$*UTF8*$!
{
	archiveVersion = 1;
	classes = {
	};
	objectVersion = 56;
	objects = {

/* Begin PBXBuildFile section */
		B368728F29D85C8100FF0E70 /* TabBarController.swift in Sources */ = {isa = PBXBuildFile; fileRef = B368728E29D85C8100FF0E70 /* TabBarController.swift */; };
		B368729129D8600F00FF0E70 /* SplashViewController.swift in Sources */ = {isa = PBXBuildFile; fileRef = B368729029D8600F00FF0E70 /* SplashViewController.swift */; };
		B368729529D8A65A00FF0E70 /* MakeNewTrackerViewController.swift in Sources */ = {isa = PBXBuildFile; fileRef = B368729429D8A65A00FF0E70 /* MakeNewTrackerViewController.swift */; };
		B368729729D9ACD600FF0E70 /* NewBehaviorViewController.swift in Sources */ = {isa = PBXBuildFile; fileRef = B368729629D9ACD600FF0E70 /* NewBehaviorViewController.swift */; };
		B368729929D9ACFA00FF0E70 /* NewIrregularEventViewController.swift in Sources */ = {isa = PBXBuildFile; fileRef = B368729829D9ACFA00FF0E70 /* NewIrregularEventViewController.swift */; };
		B368729B29DA00C600FF0E70 /* Models.swift in Sources */ = {isa = PBXBuildFile; fileRef = B368729A29DA00C600FF0E70 /* Models.swift */; };
		B368729E29DA102200FF0E70 /* TextField.swift in Sources */ = {isa = PBXBuildFile; fileRef = B368729D29DA102200FF0E70 /* TextField.swift */; };
		B36872A029DAF73100FF0E70 /* EmojiCollectionView.swift in Sources */ = {isa = PBXBuildFile; fileRef = B368729F29DAF73100FF0E70 /* EmojiCollectionView.swift */; };
		B37FCDCE29DB48F1009E3C1D /* EmojiCollectionViewCell.swift in Sources */ = {isa = PBXBuildFile; fileRef = B37FCDCD29DB48F1009E3C1D /* EmojiCollectionViewCell.swift */; };
		B37FCDD029DB565C009E3C1D /* SupplementaryView.swift in Sources */ = {isa = PBXBuildFile; fileRef = B37FCDCF29DB565C009E3C1D /* SupplementaryView.swift */; };
		B37FCDD229DB6D7E009E3C1D /* ColorsCollectionView.swift in Sources */ = {isa = PBXBuildFile; fileRef = B37FCDD129DB6D7E009E3C1D /* ColorsCollectionView.swift */; };
		B37FCDD429DB783A009E3C1D /* DaysOfTheWeekViewController.swift in Sources */ = {isa = PBXBuildFile; fileRef = B37FCDD329DB783A009E3C1D /* DaysOfTheWeekViewController.swift */; };
		B3DBC87429D20F920042CFB0 /* AppDelegate.swift in Sources */ = {isa = PBXBuildFile; fileRef = B3DBC87329D20F920042CFB0 /* AppDelegate.swift */; };
		B3DBC87629D20F920042CFB0 /* SceneDelegate.swift in Sources */ = {isa = PBXBuildFile; fileRef = B3DBC87529D20F920042CFB0 /* SceneDelegate.swift */; };
		B3DBC87829D20F920042CFB0 /* ViewController.swift in Sources */ = {isa = PBXBuildFile; fileRef = B3DBC87729D20F920042CFB0 /* ViewController.swift */; };
		B3DBC87D29D20F930042CFB0 /* Assets.xcassets in Resources */ = {isa = PBXBuildFile; fileRef = B3DBC87C29D20F930042CFB0 /* Assets.xcassets */; };
		B3DBC88029D20F930042CFB0 /* LaunchScreen.storyboard in Resources */ = {isa = PBXBuildFile; fileRef = B3DBC87E29D20F930042CFB0 /* LaunchScreen.storyboard */; };
/* End PBXBuildFile section */

/* Begin PBXFileReference section */
		B368728E29D85C8100FF0E70 /* TabBarController.swift */ = {isa = PBXFileReference; lastKnownFileType = sourcecode.swift; path = TabBarController.swift; sourceTree = "<group>"; };
		B368729029D8600F00FF0E70 /* SplashViewController.swift */ = {isa = PBXFileReference; lastKnownFileType = sourcecode.swift; path = SplashViewController.swift; sourceTree = "<group>"; };
		B368729429D8A65A00FF0E70 /* MakeNewTrackerViewController.swift */ = {isa = PBXFileReference; lastKnownFileType = sourcecode.swift; path = MakeNewTrackerViewController.swift; sourceTree = "<group>"; };
		B368729629D9ACD600FF0E70 /* NewBehaviorViewController.swift */ = {isa = PBXFileReference; lastKnownFileType = sourcecode.swift; path = NewBehaviorViewController.swift; sourceTree = "<group>"; };
		B368729829D9ACFA00FF0E70 /* NewIrregularEventViewController.swift */ = {isa = PBXFileReference; lastKnownFileType = sourcecode.swift; path = NewIrregularEventViewController.swift; sourceTree = "<group>"; };
		B368729A29DA00C600FF0E70 /* Models.swift */ = {isa = PBXFileReference; lastKnownFileType = sourcecode.swift; path = Models.swift; sourceTree = "<group>"; };
		B368729D29DA102200FF0E70 /* TextField.swift */ = {isa = PBXFileReference; lastKnownFileType = sourcecode.swift; path = TextField.swift; sourceTree = "<group>"; };
		B368729F29DAF73100FF0E70 /* EmojiCollectionView.swift */ = {isa = PBXFileReference; lastKnownFileType = sourcecode.swift; path = EmojiCollectionView.swift; sourceTree = "<group>"; };
		B37FCDCD29DB48F1009E3C1D /* EmojiCollectionViewCell.swift */ = {isa = PBXFileReference; lastKnownFileType = sourcecode.swift; path = EmojiCollectionViewCell.swift; sourceTree = "<group>"; };
		B37FCDCF29DB565C009E3C1D /* SupplementaryView.swift */ = {isa = PBXFileReference; lastKnownFileType = sourcecode.swift; path = SupplementaryView.swift; sourceTree = "<group>"; };
		B37FCDD129DB6D7E009E3C1D /* ColorsCollectionView.swift */ = {isa = PBXFileReference; lastKnownFileType = sourcecode.swift; path = ColorsCollectionView.swift; sourceTree = "<group>"; };
		B37FCDD329DB783A009E3C1D /* DaysOfTheWeekViewController.swift */ = {isa = PBXFileReference; lastKnownFileType = sourcecode.swift; path = DaysOfTheWeekViewController.swift; sourceTree = "<group>"; };
		B3DBC87029D20F920042CFB0 /* Tracker.app */ = {isa = PBXFileReference; explicitFileType = wrapper.application; includeInIndex = 0; path = Tracker.app; sourceTree = BUILT_PRODUCTS_DIR; };
		B3DBC87329D20F920042CFB0 /* AppDelegate.swift */ = {isa = PBXFileReference; lastKnownFileType = sourcecode.swift; path = AppDelegate.swift; sourceTree = "<group>"; };
		B3DBC87529D20F920042CFB0 /* SceneDelegate.swift */ = {isa = PBXFileReference; lastKnownFileType = sourcecode.swift; path = SceneDelegate.swift; sourceTree = "<group>"; };
		B3DBC87729D20F920042CFB0 /* ViewController.swift */ = {isa = PBXFileReference; lastKnownFileType = sourcecode.swift; path = ViewController.swift; sourceTree = "<group>"; };
		B3DBC87C29D20F930042CFB0 /* Assets.xcassets */ = {isa = PBXFileReference; lastKnownFileType = folder.assetcatalog; path = Assets.xcassets; sourceTree = "<group>"; };
		B3DBC87F29D20F930042CFB0 /* Base */ = {isa = PBXFileReference; lastKnownFileType = file.storyboard; name = Base; path = Base.lproj/LaunchScreen.storyboard; sourceTree = "<group>"; };
		B3DBC88129D20F930042CFB0 /* Info.plist */ = {isa = PBXFileReference; lastKnownFileType = text.plist.xml; path = Info.plist; sourceTree = "<group>"; };
/* End PBXFileReference section */

/* Begin PBXFrameworksBuildPhase section */
		B3DBC86D29D20F920042CFB0 /* Frameworks */ = {
			isa = PBXFrameworksBuildPhase;
			buildActionMask = 2147483647;
			files = (
			);
			runOnlyForDeploymentPostprocessing = 0;
		};
/* End PBXFrameworksBuildPhase section */

/* Begin PBXGroup section */
		B368729C29DA100800FF0E70 /* Components */ = {
			isa = PBXGroup;
			children = (
				B368729D29DA102200FF0E70 /* TextField.swift */,
			);
			path = Components;
			sourceTree = "<group>";
		};
		B3DBC86729D20F920042CFB0 = {
			isa = PBXGroup;
			children = (
				B3DBC87229D20F920042CFB0 /* Tracker */,
				B3DBC87129D20F920042CFB0 /* Products */,
			);
			sourceTree = "<group>";
		};
		B3DBC87129D20F920042CFB0 /* Products */ = {
			isa = PBXGroup;
			children = (
				B3DBC87029D20F920042CFB0 /* Tracker.app */,
			);
			name = Products;
			sourceTree = "<group>";
		};
		B3DBC87229D20F920042CFB0 /* Tracker */ = {
			isa = PBXGroup;
			children = (
				B368729C29DA100800FF0E70 /* Components */,
				B3DBC87329D20F920042CFB0 /* AppDelegate.swift */,
				B3DBC87529D20F920042CFB0 /* SceneDelegate.swift */,
				B3DBC87729D20F920042CFB0 /* ViewController.swift */,
				B368729029D8600F00FF0E70 /* SplashViewController.swift */,
				B37FCDCD29DB48F1009E3C1D /* EmojiCollectionViewCell.swift */,
				B37FCDD129DB6D7E009E3C1D /* ColorsCollectionView.swift */,
				B37FCDD329DB783A009E3C1D /* DaysOfTheWeekViewController.swift */,
				B37FCDCF29DB565C009E3C1D /* SupplementaryView.swift */,
				B368729F29DAF73100FF0E70 /* EmojiCollectionView.swift */,
				B368728E29D85C8100FF0E70 /* TabBarController.swift */,
				B368729429D8A65A00FF0E70 /* MakeNewTrackerViewController.swift */,
				B368729629D9ACD600FF0E70 /* NewBehaviorViewController.swift */,
				B368729829D9ACFA00FF0E70 /* NewIrregularEventViewController.swift */,
				B368729A29DA00C600FF0E70 /* Models.swift */,
				B3DBC87C29D20F930042CFB0 /* Assets.xcassets */,
				B3DBC87E29D20F930042CFB0 /* LaunchScreen.storyboard */,
				B3DBC88129D20F930042CFB0 /* Info.plist */,
			);
			path = Tracker;
			sourceTree = "<group>";
		};
/* End PBXGroup section */

/* Begin PBXNativeTarget section */
		B3DBC86F29D20F920042CFB0 /* Tracker */ = {
			isa = PBXNativeTarget;
			buildConfigurationList = B3DBC88429D20F930042CFB0 /* Build configuration list for PBXNativeTarget "Tracker" */;
			buildPhases = (
				B3DBC86C29D20F920042CFB0 /* Sources */,
				B3DBC86D29D20F920042CFB0 /* Frameworks */,
				B3DBC86E29D20F920042CFB0 /* Resources */,
			);
			buildRules = (
			);
			dependencies = (
			);
			name = Tracker;
			productName = Tracker;
			productReference = B3DBC87029D20F920042CFB0 /* Tracker.app */;
			productType = "com.apple.product-type.application";
		};
/* End PBXNativeTarget section */

/* Begin PBXProject section */
		B3DBC86829D20F920042CFB0 /* Project object */ = {
			isa = PBXProject;
			attributes = {
				BuildIndependentTargetsInParallel = 1;
				LastSwiftUpdateCheck = 1410;
				LastUpgradeCheck = 1410;
				TargetAttributes = {
					B3DBC86F29D20F920042CFB0 = {
						CreatedOnToolsVersion = 14.1;
					};
				};
			};
			buildConfigurationList = B3DBC86B29D20F920042CFB0 /* Build configuration list for PBXProject "Tracker" */;
			compatibilityVersion = "Xcode 14.0";
			developmentRegion = en;
			hasScannedForEncodings = 0;
			knownRegions = (
				en,
				Base,
			);
			mainGroup = B3DBC86729D20F920042CFB0;
			productRefGroup = B3DBC87129D20F920042CFB0 /* Products */;
			projectDirPath = "";
			projectRoot = "";
			targets = (
				B3DBC86F29D20F920042CFB0 /* Tracker */,
			);
		};
/* End PBXProject section */

/* Begin PBXResourcesBuildPhase section */
		B3DBC86E29D20F920042CFB0 /* Resources */ = {
			isa = PBXResourcesBuildPhase;
			buildActionMask = 2147483647;
			files = (
				B3DBC88029D20F930042CFB0 /* LaunchScreen.storyboard in Resources */,
				B3DBC87D29D20F930042CFB0 /* Assets.xcassets in Resources */,
			);
			runOnlyForDeploymentPostprocessing = 0;
		};
/* End PBXResourcesBuildPhase section */

/* Begin PBXSourcesBuildPhase section */
		B3DBC86C29D20F920042CFB0 /* Sources */ = {
			isa = PBXSourcesBuildPhase;
			buildActionMask = 2147483647;
			files = (
				B368729929D9ACFA00FF0E70 /* NewIrregularEventViewController.swift in Sources */,
				B368729529D8A65A00FF0E70 /* MakeNewTrackerViewController.swift in Sources */,
				B3DBC87829D20F920042CFB0 /* ViewController.swift in Sources */,
				B368729E29DA102200FF0E70 /* TextField.swift in Sources */,
				B37FCDD229DB6D7E009E3C1D /* ColorsCollectionView.swift in Sources */,
				B368728F29D85C8100FF0E70 /* TabBarController.swift in Sources */,
				B368729729D9ACD600FF0E70 /* NewBehaviorViewController.swift in Sources */,
				B3DBC87429D20F920042CFB0 /* AppDelegate.swift in Sources */,
				B37FCDD029DB565C009E3C1D /* SupplementaryView.swift in Sources */,
				B37FCDCE29DB48F1009E3C1D /* EmojiCollectionViewCell.swift in Sources */,
				B368729B29DA00C600FF0E70 /* Models.swift in Sources */,
				B3DBC87629D20F920042CFB0 /* SceneDelegate.swift in Sources */,
				B37FCDD429DB783A009E3C1D /* DaysOfTheWeekViewController.swift in Sources */,
				B36872A029DAF73100FF0E70 /* EmojiCollectionView.swift in Sources */,
				B368729129D8600F00FF0E70 /* SplashViewController.swift in Sources */,
			);
			runOnlyForDeploymentPostprocessing = 0;
		};
/* End PBXSourcesBuildPhase section */

/* Begin PBXVariantGroup section */
		B3DBC87E29D20F930042CFB0 /* LaunchScreen.storyboard */ = {
			isa = PBXVariantGroup;
			children = (
				B3DBC87F29D20F930042CFB0 /* Base */,
			);
			name = LaunchScreen.storyboard;
			sourceTree = "<group>";
		};
/* End PBXVariantGroup section */

/* Begin XCBuildConfiguration section */
		B3DBC88229D20F930042CFB0 /* Debug */ = {
			isa = XCBuildConfiguration;
			buildSettings = {
				ALWAYS_SEARCH_USER_PATHS = NO;
				CLANG_ANALYZER_NONNULL = YES;
				CLANG_ANALYZER_NUMBER_OBJECT_CONVERSION = YES_AGGRESSIVE;
				CLANG_CXX_LANGUAGE_STANDARD = "gnu++20";
				CLANG_ENABLE_MODULES = YES;
				CLANG_ENABLE_OBJC_ARC = YES;
				CLANG_ENABLE_OBJC_WEAK = YES;
				CLANG_WARN_BLOCK_CAPTURE_AUTORELEASING = YES;
				CLANG_WARN_BOOL_CONVERSION = YES;
				CLANG_WARN_COMMA = YES;
				CLANG_WARN_CONSTANT_CONVERSION = YES;
				CLANG_WARN_DEPRECATED_OBJC_IMPLEMENTATIONS = YES;
				CLANG_WARN_DIRECT_OBJC_ISA_USAGE = YES_ERROR;
				CLANG_WARN_DOCUMENTATION_COMMENTS = YES;
				CLANG_WARN_EMPTY_BODY = YES;
				CLANG_WARN_ENUM_CONVERSION = YES;
				CLANG_WARN_INFINITE_RECURSION = YES;
				CLANG_WARN_INT_CONVERSION = YES;
				CLANG_WARN_NON_LITERAL_NULL_CONVERSION = YES;
				CLANG_WARN_OBJC_IMPLICIT_RETAIN_SELF = YES;
				CLANG_WARN_OBJC_LITERAL_CONVERSION = YES;
				CLANG_WARN_OBJC_ROOT_CLASS = YES_ERROR;
				CLANG_WARN_QUOTED_INCLUDE_IN_FRAMEWORK_HEADER = YES;
				CLANG_WARN_RANGE_LOOP_ANALYSIS = YES;
				CLANG_WARN_STRICT_PROTOTYPES = YES;
				CLANG_WARN_SUSPICIOUS_MOVE = YES;
				CLANG_WARN_UNGUARDED_AVAILABILITY = YES_AGGRESSIVE;
				CLANG_WARN_UNREACHABLE_CODE = YES;
				CLANG_WARN__DUPLICATE_METHOD_MATCH = YES;
				COPY_PHASE_STRIP = NO;
				DEBUG_INFORMATION_FORMAT = dwarf;
				ENABLE_STRICT_OBJC_MSGSEND = YES;
				ENABLE_TESTABILITY = YES;
				GCC_C_LANGUAGE_STANDARD = gnu11;
				GCC_DYNAMIC_NO_PIC = NO;
				GCC_NO_COMMON_BLOCKS = YES;
				GCC_OPTIMIZATION_LEVEL = 0;
				GCC_PREPROCESSOR_DEFINITIONS = (
					"DEBUG=1",
					"$(inherited)",
				);
				GCC_WARN_64_TO_32_BIT_CONVERSION = YES;
				GCC_WARN_ABOUT_RETURN_TYPE = YES_ERROR;
				GCC_WARN_UNDECLARED_SELECTOR = YES;
				GCC_WARN_UNINITIALIZED_AUTOS = YES_AGGRESSIVE;
				GCC_WARN_UNUSED_FUNCTION = YES;
				GCC_WARN_UNUSED_VARIABLE = YES;
				IPHONEOS_DEPLOYMENT_TARGET = 16.1;
				MTL_ENABLE_DEBUG_INFO = INCLUDE_SOURCE;
				MTL_FAST_MATH = YES;
				ONLY_ACTIVE_ARCH = YES;
				SDKROOT = iphoneos;
				SWIFT_ACTIVE_COMPILATION_CONDITIONS = DEBUG;
				SWIFT_OPTIMIZATION_LEVEL = "-Onone";
			};
			name = Debug;
		};
		B3DBC88329D20F930042CFB0 /* Release */ = {
			isa = XCBuildConfiguration;
			buildSettings = {
				ALWAYS_SEARCH_USER_PATHS = NO;
				CLANG_ANALYZER_NONNULL = YES;
				CLANG_ANALYZER_NUMBER_OBJECT_CONVERSION = YES_AGGRESSIVE;
				CLANG_CXX_LANGUAGE_STANDARD = "gnu++20";
				CLANG_ENABLE_MODULES = YES;
				CLANG_ENABLE_OBJC_ARC = YES;
				CLANG_ENABLE_OBJC_WEAK = YES;
				CLANG_WARN_BLOCK_CAPTURE_AUTORELEASING = YES;
				CLANG_WARN_BOOL_CONVERSION = YES;
				CLANG_WARN_COMMA = YES;
				CLANG_WARN_CONSTANT_CONVERSION = YES;
				CLANG_WARN_DEPRECATED_OBJC_IMPLEMENTATIONS = YES;
				CLANG_WARN_DIRECT_OBJC_ISA_USAGE = YES_ERROR;
				CLANG_WARN_DOCUMENTATION_COMMENTS = YES;
				CLANG_WARN_EMPTY_BODY = YES;
				CLANG_WARN_ENUM_CONVERSION = YES;
				CLANG_WARN_INFINITE_RECURSION = YES;
				CLANG_WARN_INT_CONVERSION = YES;
				CLANG_WARN_NON_LITERAL_NULL_CONVERSION = YES;
				CLANG_WARN_OBJC_IMPLICIT_RETAIN_SELF = YES;
				CLANG_WARN_OBJC_LITERAL_CONVERSION = YES;
				CLANG_WARN_OBJC_ROOT_CLASS = YES_ERROR;
				CLANG_WARN_QUOTED_INCLUDE_IN_FRAMEWORK_HEADER = YES;
				CLANG_WARN_RANGE_LOOP_ANALYSIS = YES;
				CLANG_WARN_STRICT_PROTOTYPES = YES;
				CLANG_WARN_SUSPICIOUS_MOVE = YES;
				CLANG_WARN_UNGUARDED_AVAILABILITY = YES_AGGRESSIVE;
				CLANG_WARN_UNREACHABLE_CODE = YES;
				CLANG_WARN__DUPLICATE_METHOD_MATCH = YES;
				COPY_PHASE_STRIP = NO;
				DEBUG_INFORMATION_FORMAT = "dwarf-with-dsym";
				ENABLE_NS_ASSERTIONS = NO;
				ENABLE_STRICT_OBJC_MSGSEND = YES;
				GCC_C_LANGUAGE_STANDARD = gnu11;
				GCC_NO_COMMON_BLOCKS = YES;
				GCC_WARN_64_TO_32_BIT_CONVERSION = YES;
				GCC_WARN_ABOUT_RETURN_TYPE = YES_ERROR;
				GCC_WARN_UNDECLARED_SELECTOR = YES;
				GCC_WARN_UNINITIALIZED_AUTOS = YES_AGGRESSIVE;
				GCC_WARN_UNUSED_FUNCTION = YES;
				GCC_WARN_UNUSED_VARIABLE = YES;
				IPHONEOS_DEPLOYMENT_TARGET = 16.1;
				MTL_ENABLE_DEBUG_INFO = NO;
				MTL_FAST_MATH = YES;
				SDKROOT = iphoneos;
				SWIFT_COMPILATION_MODE = wholemodule;
				SWIFT_OPTIMIZATION_LEVEL = "-O";
				VALIDATE_PRODUCT = YES;
			};
			name = Release;
		};
		B3DBC88529D20F930042CFB0 /* Debug */ = {
			isa = XCBuildConfiguration;
			buildSettings = {
				ASSETCATALOG_COMPILER_APPICON_NAME = AppIcon;
				ASSETCATALOG_COMPILER_GLOBAL_ACCENT_COLOR_NAME = AccentColor;
				CODE_SIGN_STYLE = Automatic;
				CURRENT_PROJECT_VERSION = 1;
				DEVELOPMENT_TEAM = 4HP984UV7Q;
				GENERATE_INFOPLIST_FILE = YES;
				INFOPLIST_FILE = Tracker/Info.plist;
				INFOPLIST_KEY_UIApplicationSupportsIndirectInputEvents = YES;
				INFOPLIST_KEY_UILaunchStoryboardName = LaunchScreen;
				INFOPLIST_KEY_UISupportedInterfaceOrientations = UIInterfaceOrientationPortrait;
				IPHONEOS_DEPLOYMENT_TARGET = 13.4;
				LD_RUNPATH_SEARCH_PATHS = (
					"$(inherited)",
					"@executable_path/Frameworks",
				);
				MARKETING_VERSION = 1.0;
				PRODUCT_BUNDLE_IDENTIFIER = ru.marinakolbina.Tracker;
				PRODUCT_NAME = "$(TARGET_NAME)";
				SUPPORTED_PLATFORMS = "iphoneos iphonesimulator";
				SUPPORTS_MACCATALYST = NO;
				SUPPORTS_MAC_DESIGNED_FOR_IPHONE_IPAD = NO;
				SWIFT_EMIT_LOC_STRINGS = YES;
				SWIFT_VERSION = 5.0;
				TARGETED_DEVICE_FAMILY = 1;
			};
			name = Debug;
		};
		B3DBC88629D20F930042CFB0 /* Release */ = {
			isa = XCBuildConfiguration;
			buildSettings = {
				ASSETCATALOG_COMPILER_APPICON_NAME = AppIcon;
				ASSETCATALOG_COMPILER_GLOBAL_ACCENT_COLOR_NAME = AccentColor;
				CODE_SIGN_STYLE = Automatic;
				CURRENT_PROJECT_VERSION = 1;
				DEVELOPMENT_TEAM = 4HP984UV7Q;
				GENERATE_INFOPLIST_FILE = YES;
				INFOPLIST_FILE = Tracker/Info.plist;
				INFOPLIST_KEY_UIApplicationSupportsIndirectInputEvents = YES;
				INFOPLIST_KEY_UILaunchStoryboardName = LaunchScreen;
				INFOPLIST_KEY_UISupportedInterfaceOrientations = UIInterfaceOrientationPortrait;
				IPHONEOS_DEPLOYMENT_TARGET = 13.4;
				LD_RUNPATH_SEARCH_PATHS = (
					"$(inherited)",
					"@executable_path/Frameworks",
				);
				MARKETING_VERSION = 1.0;
				PRODUCT_BUNDLE_IDENTIFIER = ru.marinakolbina.Tracker;
				PRODUCT_NAME = "$(TARGET_NAME)";
				SUPPORTED_PLATFORMS = "iphoneos iphonesimulator";
				SUPPORTS_MACCATALYST = NO;
				SUPPORTS_MAC_DESIGNED_FOR_IPHONE_IPAD = NO;
				SWIFT_EMIT_LOC_STRINGS = YES;
				SWIFT_VERSION = 5.0;
				TARGETED_DEVICE_FAMILY = 1;
			};
			name = Release;
		};
/* End XCBuildConfiguration section */

/* Begin XCConfigurationList section */
		B3DBC86B29D20F920042CFB0 /* Build configuration list for PBXProject "Tracker" */ = {
			isa = XCConfigurationList;
			buildConfigurations = (
				B3DBC88229D20F930042CFB0 /* Debug */,
				B3DBC88329D20F930042CFB0 /* Release */,
			);
			defaultConfigurationIsVisible = 0;
			defaultConfigurationName = Release;
		};
		B3DBC88429D20F930042CFB0 /* Build configuration list for PBXNativeTarget "Tracker" */ = {
			isa = XCConfigurationList;
			buildConfigurations = (
				B3DBC88529D20F930042CFB0 /* Debug */,
				B3DBC88629D20F930042CFB0 /* Release */,
			);
			defaultConfigurationIsVisible = 0;
			defaultConfigurationName = Release;
		};
/* End XCConfigurationList section */
	};
	rootObject = B3DBC86829D20F920042CFB0 /* Project object */;
}
